
Microsoft Visual Studio Solution File, Format Version 12.00
# Visual Studio Version 17
VisualStudioVersion = 17.6.33829.357
MinimumVisualStudioVersion = 10.0.40219.1
Project("{FAE04EC0-301F-11D3-BF4B-00C04F79EFBC}") = "AplicacaoTeste", "AplicacaoTeste.csproj", "{B13ED812-91F1-4DD7-9F69-25CB598090A7}"
EndProject
Global
	GlobalSection(SolutionConfigurationPlatforms) = preSolution
		Debug|Any CPU = Debug|Any CPU
		Release|Any CPU = Release|Any CPU
	EndGlobalSection
	GlobalSection(ProjectConfigurationPlatforms) = postSolution
		{B13ED812-91F1-4DD7-9F69-25CB598090A7}.Debug|Any CPU.ActiveCfg = Debug|Any CPU
		{B13ED812-91F1-4DD7-9F69-25CB598090A7}.Debug|Any CPU.Build.0 = Debug|Any CPU
		{B13ED812-91F1-4DD7-9F69-25CB598090A7}.Release|Any CPU.ActiveCfg = Release|Any CPU
		{B13ED812-91F1-4DD7-9F69-25CB598090A7}.Release|Any CPU.Build.0 = Release|Any CPU
	EndGlobalSection
	GlobalSection(SolutionProperties) = preSolution
		HideSolutionNode = FALSE
	EndGlobalSection
	GlobalSection(ExtensibilityGlobals) = postSolution
		SolutionGuid = {86797DB6-F230-47FE-B46E-6281BAA7AD4B}
	EndGlobalSection
EndGlobal
